{
  "name": "zfq",
  "version": "1.0.1",
  "lockfileVersion": 1,
  "requires": true,
  "dependencies": {
    "chalk": {
      "version": "5.2.0",
      "resolved": "https://registry.npmjs.org/chalk/-/chalk-5.2.0.tgz",
      "integrity": "sha512-ree3Gqw/nazQAPuJJEy+avdl7QfZMcUvmHIKgEZkGL+xOBzRvup5Hxo6LHuMceSxOabuJLJm5Yp/92R9eMmMvA=="
    },
    "filesize": {
      "version": "10.0.7",
      "resolved": "https://registry.npmjs.org/filesize/-/filesize-10.0.7.tgz",
      "integrity": "sha512-iMRG7Qo9nayLoU3PNCiLizYtsy4W1ClrapeCwEgtiQelOAOuRJiw4QaLI+sSr8xr901dgHv+EYP2bCusGZgoiA=="
    }
  }
}
